
Microsoft Visual Studio Solution File, Format Version 12.00
Project("{FAE04EC0-301F-11D3-BF4B-00C04F79EFBC}") = "FinanceDB", "FinanceDB\FinanceDB.csproj", "{8F17222D-1BB7-4298-A5E0-176AA5568739}"
EndProject
Project("{FAE04EC0-301F-11D3-BF4B-00C04F79EFBC}") = "FinanceDB.UnitTest", "FinanceDB.UnitTest\FinanceDB.UnitTest.csproj", "{460ABC2E-4EC7-414B-9A5C-8E4981AC9FB6}"
EndProject
Global
	GlobalSection(SolutionConfigurationPlatforms) = preSolution
		Debug|Any CPU = Debug|Any CPU
		Release|Any CPU = Release|Any CPU
	EndGlobalSection
	GlobalSection(ProjectConfigurationPlatforms) = postSolution
		{8F17222D-1BB7-4298-A5E0-176AA5568739}.Debug|Any CPU.ActiveCfg = Debug|Any CPU
		{8F17222D-1BB7-4298-A5E0-176AA5568739}.Debug|Any CPU.Build.0 = Debug|Any CPU
		{8F17222D-1BB7-4298-A5E0-176AA5568739}.Release|Any CPU.ActiveCfg = Release|Any CPU
		{8F17222D-1BB7-4298-A5E0-176AA5568739}.Release|Any CPU.Build.0 = Release|Any CPU
		{460ABC2E-4EC7-414B-9A5C-8E4981AC9FB6}.Debug|Any CPU.ActiveCfg = Debug|Any CPU
		{460ABC2E-4EC7-414B-9A5C-8E4981AC9FB6}.Debug|Any CPU.Build.0 = Debug|Any CPU
		{460ABC2E-4EC7-414B-9A5C-8E4981AC9FB6}.Release|Any CPU.ActiveCfg = Release|Any CPU
		{460ABC2E-4EC7-414B-9A5C-8E4981AC9FB6}.Release|Any CPU.Build.0 = Release|Any CPU
	EndGlobalSection
EndGlobal
